// !$*UTF8*$!
{
	archiveVersion = 1;
	classes = {
	};
	objectVersion = 56;
	objects = {

/* Begin PBXBuildFile section */
		07AFA1B22A3215C60091F024 /* AppDelegate.swift in Sources */ = {isa = PBXBuildFile; fileRef = 07AFA1B12A3215C60091F024 /* AppDelegate.swift */; };
		07AFA1B42A3215C60091F024 /* SceneDelegate.swift in Sources */ = {isa = PBXBuildFile; fileRef = 07AFA1B32A3215C60091F024 /* SceneDelegate.swift */; };
		07AFA1B62A3215C60091F024 /* ViewController.swift in Sources */ = {isa = PBXBuildFile; fileRef = 07AFA1B52A3215C60091F024 /* ViewController.swift */; };
		07AFA1B92A3215C60091F024 /* Main.storyboard in Resources */ = {isa = PBXBuildFile; fileRef = 07AFA1B72A3215C60091F024 /* Main.storyboard */; };
		07AFA1BB2A3215CA0091F024 /* Assets.xcassets in Resources */ = {isa = PBXBuildFile; fileRef = 07AFA1BA2A3215CA0091F024 /* Assets.xcassets */; };
		07AFA1BE2A3215CA0091F024 /* LaunchScreen.storyboard in Resources */ = {isa = PBXBuildFile; fileRef = 07AFA1BC2A3215CA0091F024 /* LaunchScreen.storyboard */; };
		07AFA1C92A3215CA0091F024 /* Image_Classification_App_using_Core_MLTests.swift in Sources */ = {isa = PBXBuildFile; fileRef = 07AFA1C82A3215CA0091F024 /* Image_Classification_App_using_Core_MLTests.swift */; };
		07AFA1D32A3215CA0091F024 /* Image_Classification_App_using_Core_MLUITests.swift in Sources */ = {isa = PBXBuildFile; fileRef = 07AFA1D22A3215CA0091F024 /* Image_Classification_App_using_Core_MLUITests.swift */; };
		07AFA1D52A3215CA0091F024 /* Image_Classification_App_using_Core_MLUITestsLaunchTests.swift in Sources */ = {isa = PBXBuildFile; fileRef = 07AFA1D42A3215CA0091F024 /* Image_Classification_App_using_Core_MLUITestsLaunchTests.swift */; };
		07AFA1E22A321AF80091F024 /* MobileNet.mlmodel in Sources */ = {isa = PBXBuildFile; fileRef = 07AFA1E12A321AF80091F024 /* MobileNet.mlmodel */; };
/* End PBXBuildFile section */

/* Begin PBXContainerItemProxy section */
		07AFA1C52A3215CA0091F024 /* PBXContainerItemProxy */ = {
			isa = PBXContainerItemProxy;
			containerPortal = 07AFA1A62A3215C60091F024 /* Project object */;
			proxyType = 1;
			remoteGlobalIDString = 07AFA1AD2A3215C60091F024;
			remoteInfo = "Image Classification App using Core ML";
		};
		07AFA1CF2A3215CA0091F024 /* PBXContainerItemProxy */ = {
			isa = PBXContainerItemProxy;
			containerPortal = 07AFA1A62A3215C60091F024 /* Project object */;
			proxyType = 1;
			remoteGlobalIDString = 07AFA1AD2A3215C60091F024;
			remoteInfo = "Image Classification App using Core ML";
		};
/* End PBXContainerItemProxy section */

/* Begin PBXFileReference section */
		07AFA1AE2A3215C60091F024 /* Image Classification App using Core ML.app */ = {isa = PBXFileReference; explicitFileType = wrapper.application; includeInIndex = 0; path = "Image Classification App using Core ML.app"; sourceTree = BUILT_PRODUCTS_DIR; };
		07AFA1B12A3215C60091F024 /* AppDelegate.swift */ = {isa = PBXFileReference; lastKnownFileType = sourcecode.swift; path = AppDelegate.swift; sourceTree = "<group>"; };
		07AFA1B32A3215C60091F024 /* SceneDelegate.swift */ = {isa = PBXFileReference; lastKnownFileType = sourcecode.swift; path = SceneDelegate.swift; sourceTree = "<group>"; };
		07AFA1B52A3215C60091F024 /* ViewController.swift */ = {isa = PBXFileReference; lastKnownFileType = sourcecode.swift; path = ViewController.swift; sourceTree = "<group>"; };
		07AFA1B82A3215C60091F024 /* Base */ = {isa = PBXFileReference; lastKnownFileType = file.storyboard; name = Base; path = Base.lproj/Main.storyboard; sourceTree = "<group>"; };
		07AFA1BA2A3215CA0091F024 /* Assets.xcassets */ = {isa = PBXFileReference; lastKnownFileType = folder.assetcatalog; path = Assets.xcassets; sourceTree = "<group>"; };
		07AFA1BD2A3215CA0091F024 /* Base */ = {isa = PBXFileReference; lastKnownFileType = file.storyboard; name = Base; path = Base.lproj/LaunchScreen.storyboard; sourceTree = "<group>"; };
		07AFA1BF2A3215CA0091F024 /* Info.plist */ = {isa = PBXFileReference; lastKnownFileType = text.plist.xml; path = Info.plist; sourceTree = "<group>"; };
		07AFA1C42A3215CA0091F024 /* Image Classification App using Core MLTests.xctest */ = {isa = PBXFileReference; explicitFileType = wrapper.cfbundle; includeInIndex = 0; path = "Image Classification App using Core MLTests.xctest"; sourceTree = BUILT_PRODUCTS_DIR; };
		07AFA1C82A3215CA0091F024 /* Image_Classification_App_using_Core_MLTests.swift */ = {isa = PBXFileReference; lastKnownFileType = sourcecode.swift; path = Image_Classification_App_using_Core_MLTests.swift; sourceTree = "<group>"; };
		07AFA1CE2A3215CA0091F024 /* Image Classification App using Core MLUITests.xctest */ = {isa = PBXFileReference; explicitFileType = wrapper.cfbundle; includeInIndex = 0; path = "Image Classification App using Core MLUITests.xctest"; sourceTree = BUILT_PRODUCTS_DIR; };
		07AFA1D22A3215CA0091F024 /* Image_Classification_App_using_Core_MLUITests.swift */ = {isa = PBXFileReference; lastKnownFileType = sourcecode.swift; path = Image_Classification_App_using_Core_MLUITests.swift; sourceTree = "<group>"; };
		07AFA1D42A3215CA0091F024 /* Image_Classification_App_using_Core_MLUITestsLaunchTests.swift */ = {isa = PBXFileReference; lastKnownFileType = sourcecode.swift; path = Image_Classification_App_using_Core_MLUITestsLaunchTests.swift; sourceTree = "<group>"; };
		07AFA1E12A321AF80091F024 /* MobileNet.mlmodel */ = {isa = PBXFileReference; lastKnownFileType = file.mlmodel; path = MobileNet.mlmodel; sourceTree = "<group>"; };
/* End PBXFileReference section */

/* Begin PBXFrameworksBuildPhase section */
		07AFA1AB2A3215C60091F024 /* Frameworks */ = {
			isa = PBXFrameworksBuildPhase;
			buildActionMask = 2147483647;
			files = (
			);
			runOnlyForDeploymentPostprocessing = 0;
		};
		07AFA1C12A3215CA0091F024 /* Frameworks */ = {
			isa = PBXFrameworksBuildPhase;
			buildActionMask = 2147483647;
			files = (
			);
			runOnlyForDeploymentPostprocessing = 0;
		};
		07AFA1CB2A3215CA0091F024 /* Frameworks */ = {
			isa = PBXFrameworksBuildPhase;
			buildActionMask = 2147483647;
			files = (
			);
			runOnlyForDeploymentPostprocessing = 0;
		};
/* End PBXFrameworksBuildPhase section */

/* Begin PBXGroup section */
		07AFA1A52A3215C60091F024 = {
			isa = PBXGroup;
			children = (
				07AFA1B02A3215C60091F024 /* Image Classification App using Core ML */,
				07AFA1C72A3215CA0091F024 /* Image Classification App using Core MLTests */,
				07AFA1D12A3215CA0091F024 /* Image Classification App using Core MLUITests */,
				07AFA1AF2A3215C60091F024 /* Products */,
			);
			sourceTree = "<group>";
		};
		07AFA1AF2A3215C60091F024 /* Products */ = {
			isa = PBXGroup;
			children = (
				07AFA1AE2A3215C60091F024 /* Image Classification App using Core ML.app */,
				07AFA1C42A3215CA0091F024 /* Image Classification App using Core MLTests.xctest */,
				07AFA1CE2A3215CA0091F024 /* Image Classification App using Core MLUITests.xctest */,
			);
			name = Products;
			sourceTree = "<group>";
		};
		07AFA1B02A3215C60091F024 /* Image Classification App using Core ML */ = {
			isa = PBXGroup;
			children = (
				07AFA1B12A3215C60091F024 /* AppDelegate.swift */,
				07AFA1E12A321AF80091F024 /* MobileNet.mlmodel */,
				07AFA1B32A3215C60091F024 /* SceneDelegate.swift */,
				07AFA1B52A3215C60091F024 /* ViewController.swift */,
				07AFA1B72A3215C60091F024 /* Main.storyboard */,
				07AFA1BA2A3215CA0091F024 /* Assets.xcassets */,
				07AFA1BC2A3215CA0091F024 /* LaunchScreen.storyboard */,
				07AFA1BF2A3215CA0091F024 /* Info.plist */,
			);
			path = "Image Classification App using Core ML";
			sourceTree = "<group>";
		};
		07AFA1C72A3215CA0091F024 /* Image Classification App using Core MLTests */ = {
			isa = PBXGroup;
			children = (
				07AFA1C82A3215CA0091F024 /* Image_Classification_App_using_Core_MLTests.swift */,
			);
			path = "Image Classification App using Core MLTests";
			sourceTree = "<group>";
		};
		07AFA1D12A3215CA0091F024 /* Image Classification App using Core MLUITests */ = {
			isa = PBXGroup;
			children = (
				07AFA1D22A3215CA0091F024 /* Image_Classification_App_using_Core_MLUITests.swift */,
				07AFA1D42A3215CA0091F024 /* Image_Classification_App_using_Core_MLUITestsLaunchTests.swift */,
			);
			path = "Image Classification App using Core MLUITests";
			sourceTree = "<group>";
		};
/* End PBXGroup section */

/* Begin PBXNativeTarget section */
		07AFA1AD2A3215C60091F024 /* Image Classification App using Core ML */ = {
			isa = PBXNativeTarget;
			buildConfigurationList = 07AFA1D82A3215CA0091F024 /* Build configuration list for PBXNativeTarget "Image Classification App using Core ML" */;
			buildPhases = (
				07AFA1AA2A3215C60091F024 /* Sources */,
				07AFA1AB2A3215C60091F024 /* Frameworks */,
				07AFA1AC2A3215C60091F024 /* Resources */,
			);
			buildRules = (
			);
			dependencies = (
			);
			name = "Image Classification App using Core ML";
			productName = "Image Classification App using Core ML";
			productReference = 07AFA1AE2A3215C60091F024 /* Image Classification App using Core ML.app */;
			productType = "com.apple.product-type.application";
		};
		07AFA1C32A3215CA0091F024 /* Image Classification App using Core MLTests */ = {
			isa = PBXNativeTarget;
			buildConfigurationList = 07AFA1DB2A3215CA0091F024 /* Build configuration list for PBXNativeTarget "Image Classification App using Core MLTests" */;
			buildPhases = (
				07AFA1C02A3215CA0091F024 /* Sources */,
				07AFA1C12A3215CA0091F024 /* Frameworks */,
				07AFA1C22A3215CA0091F024 /* Resources */,
			);
			buildRules = (
			);
			dependencies = (
				07AFA1C62A3215CA0091F024 /* PBXTargetDependency */,
			);
			name = "Image Classification App using Core MLTests";
			productName = "Image Classification App using Core MLTests";
			productReference = 07AFA1C42A3215CA0091F024 /* Image Classification App using Core MLTests.xctest */;
			productType = "com.apple.product-type.bundle.unit-test";
		};
		07AFA1CD2A3215CA0091F024 /* Image Classification App using Core MLUITests */ = {
			isa = PBXNativeTarget;
			buildConfigurationList = 07AFA1DE2A3215CA0091F024 /* Build configuration list for PBXNativeTarget "Image Classification App using Core MLUITests" */;
			buildPhases = (
				07AFA1CA2A3215CA0091F024 /* Sources */,
				07AFA1CB2A3215CA0091F024 /* Frameworks */,
				07AFA1CC2A3215CA0091F024 /* Resources */,
			);
			buildRules = (
			);
			dependencies = (
				07AFA1D02A3215CA0091F024 /* PBXTargetDependency */,
			);
			name = "Image Classification App using Core MLUITests";
			productName = "Image Classification App using Core MLUITests";
			productReference = 07AFA1CE2A3215CA0091F024 /* Image Classification App using Core MLUITests.xctest */;
			productType = "com.apple.product-type.bundle.ui-testing";
		};
/* End PBXNativeTarget section */

/* Begin PBXProject section */
		07AFA1A62A3215C60091F024 /* Project object */ = {
			isa = PBXProject;
			attributes = {
				BuildIndependentTargetsInParallel = 1;
				LastSwiftUpdateCheck = 1420;
				LastUpgradeCheck = 1420;
				TargetAttributes = {
					07AFA1AD2A3215C60091F024 = {
						CreatedOnToolsVersion = 14.2;
					};
					07AFA1C32A3215CA0091F024 = {
						CreatedOnToolsVersion = 14.2;
						TestTargetID = 07AFA1AD2A3215C60091F024;
					};
					07AFA1CD2A3215CA0091F024 = {
						CreatedOnToolsVersion = 14.2;
						TestTargetID = 07AFA1AD2A3215C60091F024;
					};
				};
			};
			buildConfigurationList = 07AFA1A92A3215C60091F024 /* Build configuration list for PBXProject "Image Classification App using Core ML" */;
			compatibilityVersion = "Xcode 14.0";
			developmentRegion = en;
			hasScannedForEncodings = 0;
			knownRegions = (
				en,
				Base,
			);
			mainGroup = 07AFA1A52A3215C60091F024;
			productRefGroup = 07AFA1AF2A3215C60091F024 /* Products */;
			projectDirPath = "";
			projectRoot = "";
			targets = (
				07AFA1AD2A3215C60091F024 /* Image Classification App using Core ML */,
				07AFA1C32A3215CA0091F024 /* Image Classification App using Core MLTests */,
				07AFA1CD2A3215CA0091F024 /* Image Classification App using Core MLUITests */,
			);
		};
/* End PBXProject section */

/* Begin PBXResourcesBuildPhase section */
		07AFA1AC2A3215C60091F024 /* Resources */ = {
			isa = PBXResourcesBuildPhase;
			buildActionMask = 2147483647;
			files = (
				07AFA1BE2A3215CA0091F024 /* LaunchScreen.storyboard in Resources */,
				07AFA1BB2A3215CA0091F024 /* Assets.xcassets in Resources */,
				07AFA1B92A3215C60091F024 /* Main.storyboard in Resources */,
			);
			runOnlyForDeploymentPostprocessing = 0;
		};
		07AFA1C22A3215CA0091F024 /* Resources */ = {
			isa = PBXResourcesBuildPhase;
			buildActionMask = 2147483647;
			files = (
			);
			runOnlyForDeploymentPostprocessing = 0;
		};
		07AFA1CC2A3215CA0091F024 /* Resources */ = {
			isa = PBXResourcesBuildPhase;
			buildActionMask = 2147483647;
			files = (
			);
			runOnlyForDeploymentPostprocessing = 0;
		};
/* End PBXResourcesBuildPhase section */

/* Begin PBXSourcesBuildPhase section */
		07AFA1AA2A3215C60091F024 /* Sources */ = {
			isa = PBXSourcesBuildPhase;
			buildActionMask = 2147483647;
			files = (
				07AFA1E22A321AF80091F024 /* MobileNet.mlmodel in Sources */,
				07AFA1B62A3215C60091F024 /* ViewController.swift in Sources */,
				07AFA1B22A3215C60091F024 /* AppDelegate.swift in Sources */,
				07AFA1B42A3215C60091F024 /* SceneDelegate.swift in Sources */,
			);
			runOnlyForDeploymentPostprocessing = 0;
		};
		07AFA1C02A3215CA0091F024 /* Sources */ = {
			isa = PBXSourcesBuildPhase;
			buildActionMask = 2147483647;
			files = (
				07AFA1C92A3215CA0091F024 /* Image_Classification_App_using_Core_MLTests.swift in Sources */,
			);
			runOnlyForDeploymentPostprocessing = 0;
		};
		07AFA1CA2A3215CA0091F024 /* Sources */ = {
			isa = PBXSourcesBuildPhase;
			buildActionMask = 2147483647;
			files = (
				07AFA1D32A3215CA0091F024 /* Image_Classification_App_using_Core_MLUITests.swift in Sources */,
				07AFA1D52A3215CA0091F024 /* Image_Classification_App_using_Core_MLUITestsLaunchTests.swift in Sources */,
			);
			runOnlyForDeploymentPostprocessing = 0;
		};
/* End PBXSourcesBuildPhase section */

/* Begin PBXTargetDependency section */
		07AFA1C62A3215CA0091F024 /* PBXTargetDependency */ = {
			isa = PBXTargetDependency;
			target = 07AFA1AD2A3215C60091F024 /* Image Classification App using Core ML */;
			targetProxy = 07AFA1C52A3215CA0091F024 /* PBXContainerItemProxy */;
		};
		07AFA1D02A3215CA0091F024 /* PBXTargetDependency */ = {
			isa = PBXTargetDependency;
			target = 07AFA1AD2A3215C60091F024 /* Image Classification App using Core ML */;
			targetProxy = 07AFA1CF2A3215CA0091F024 /* PBXContainerItemProxy */;
		};
/* End PBXTargetDependency section */

/* Begin PBXVariantGroup section */
		07AFA1B72A3215C60091F024 /* Main.storyboard */ = {
			isa = PBXVariantGroup;
			children = (
				07AFA1B82A3215C60091F024 /* Base */,
			);
			name = Main.storyboard;
			sourceTree = "<group>";
		};
		07AFA1BC2A3215CA0091F024 /* LaunchScreen.storyboard */ = {
			isa = PBXVariantGroup;
			children = (
				07AFA1BD2A3215CA0091F024 /* Base */,
			);
			name = LaunchScreen.storyboard;
			sourceTree = "<group>";
		};
/* End PBXVariantGroup section */

/* Begin XCBuildConfiguration section */
		07AFA1D62A3215CA0091F024 /* Debug */ = {
			isa = XCBuildConfiguration;
			buildSettings = {
				ALWAYS_SEARCH_USER_PATHS = NO;
				CLANG_ANALYZER_NONNULL = YES;
				CLANG_ANALYZER_NUMBER_OBJECT_CONVERSION = YES_AGGRESSIVE;
				CLANG_CXX_LANGUAGE_STANDARD = "gnu++20";
				CLANG_ENABLE_MODULES = YES;
				CLANG_ENABLE_OBJC_ARC = YES;
				CLANG_ENABLE_OBJC_WEAK = YES;
				CLANG_WARN_BLOCK_CAPTURE_AUTORELEASING = YES;
				CLANG_WARN_BOOL_CONVERSION = YES;
				CLANG_WARN_COMMA = YES;
				CLANG_WARN_CONSTANT_CONVERSION = YES;
				CLANG_WARN_DEPRECATED_OBJC_IMPLEMENTATIONS = YES;
				CLANG_WARN_DIRECT_OBJC_ISA_USAGE = YES_ERROR;
				CLANG_WARN_DOCUMENTATION_COMMENTS = YES;
				CLANG_WARN_EMPTY_BODY = YES;
				CLANG_WARN_ENUM_CONVERSION = YES;
				CLANG_WARN_INFINITE_RECURSION = YES;
				CLANG_WARN_INT_CONVERSION = YES;
				CLANG_WARN_NON_LITERAL_NULL_CONVERSION = YES;
				CLANG_WARN_OBJC_IMPLICIT_RETAIN_SELF = YES;
				CLANG_WARN_OBJC_LITERAL_CONVERSION = YES;
				CLANG_WARN_OBJC_ROOT_CLASS = YES_ERROR;
				CLANG_WARN_QUOTED_INCLUDE_IN_FRAMEWORK_HEADER = YES;
				CLANG_WARN_RANGE_LOOP_ANALYSIS = YES;
				CLANG_WARN_STRICT_PROTOTYPES = YES;
				CLANG_WARN_SUSPICIOUS_MOVE = YES;
				CLANG_WARN_UNGUARDED_AVAILABILITY = YES_AGGRESSIVE;
				CLANG_WARN_UNREACHABLE_CODE = YES;
				CLANG_WARN__DUPLICATE_METHOD_MATCH = YES;
				COPY_PHASE_STRIP = NO;
				DEBUG_INFORMATION_FORMAT = dwarf;
				ENABLE_STRICT_OBJC_MSGSEND = YES;
				ENABLE_TESTABILITY = YES;
				GCC_C_LANGUAGE_STANDARD = gnu11;
				GCC_DYNAMIC_NO_PIC = NO;
				GCC_NO_COMMON_BLOCKS = YES;
				GCC_OPTIMIZATION_LEVEL = 0;
				GCC_PREPROCESSOR_DEFINITIONS = (
					"DEBUG=1",
					"$(inherited)",
				);
				GCC_WARN_64_TO_32_BIT_CONVERSION = YES;
				GCC_WARN_ABOUT_RETURN_TYPE = YES_ERROR;
				GCC_WARN_UNDECLARED_SELECTOR = YES;
				GCC_WARN_UNINITIALIZED_AUTOS = YES_AGGRESSIVE;
				GCC_WARN_UNUSED_FUNCTION = YES;
				GCC_WARN_UNUSED_VARIABLE = YES;
				IPHONEOS_DEPLOYMENT_TARGET = 16.2;
				MTL_ENABLE_DEBUG_INFO = INCLUDE_SOURCE;
				MTL_FAST_MATH = YES;
				ONLY_ACTIVE_ARCH = YES;
				SDKROOT = iphoneos;
				SWIFT_ACTIVE_COMPILATION_CONDITIONS = DEBUG;
				SWIFT_OPTIMIZATION_LEVEL = "-Onone";
			};
			name = Debug;
		};
		07AFA1D72A3215CA0091F024 /* Release */ = {
			isa = XCBuildConfiguration;
			buildSettings = {
				ALWAYS_SEARCH_USER_PATHS = NO;
				CLANG_ANALYZER_NONNULL = YES;
				CLANG_ANALYZER_NUMBER_OBJECT_CONVERSION = YES_AGGRESSIVE;
				CLANG_CXX_LANGUAGE_STANDARD = "gnu++20";
				CLANG_ENABLE_MODULES = YES;
				CLANG_ENABLE_OBJC_ARC = YES;
				CLANG_ENABLE_OBJC_WEAK = YES;
				CLANG_WARN_BLOCK_CAPTURE_AUTORELEASING = YES;
				CLANG_WARN_BOOL_CONVERSION = YES;
				CLANG_WARN_COMMA = YES;
				CLANG_WARN_CONSTANT_CONVERSION = YES;
				CLANG_WARN_DEPRECATED_OBJC_IMPLEMENTATIONS = YES;
				CLANG_WARN_DIRECT_OBJC_ISA_USAGE = YES_ERROR;
				CLANG_WARN_DOCUMENTATION_COMMENTS = YES;
				CLANG_WARN_EMPTY_BODY = YES;
				CLANG_WARN_ENUM_CONVERSION = YES;
				CLANG_WARN_INFINITE_RECURSION = YES;
				CLANG_WARN_INT_CONVERSION = YES;
				CLANG_WARN_NON_LITERAL_NULL_CONVERSION = YES;
				CLANG_WARN_OBJC_IMPLICIT_RETAIN_SELF = YES;
				CLANG_WARN_OBJC_LITERAL_CONVERSION = YES;
				CLANG_WARN_OBJC_ROOT_CLASS = YES_ERROR;
				CLANG_WARN_QUOTED_INCLUDE_IN_FRAMEWORK_HEADER = YES;
				CLANG_WARN_RANGE_LOOP_ANALYSIS = YES;
				CLANG_WARN_STRICT_PROTOTYPES = YES;
				CLANG_WARN_SUSPICIOUS_MOVE = YES;
				CLANG_WARN_UNGUARDED_AVAILABILITY = YES_AGGRESSIVE;
				CLANG_WARN_UNREACHABLE_CODE = YES;
				CLANG_WARN__DUPLICATE_METHOD_MATCH = YES;
				COPY_PHASE_STRIP = NO;
				DEBUG_INFORMATION_FORMAT = "dwarf-with-dsym";
				ENABLE_NS_ASSERTIONS = NO;
				ENABLE_STRICT_OBJC_MSGSEND = YES;
				GCC_C_LANGUAGE_STANDARD = gnu11;
				GCC_NO_COMMON_BLOCKS = YES;
				GCC_WARN_64_TO_32_BIT_CONVERSION = YES;
				GCC_WARN_ABOUT_RETURN_TYPE = YES_ERROR;
				GCC_WARN_UNDECLARED_SELECTOR = YES;
				GCC_WARN_UNINITIALIZED_AUTOS = YES_AGGRESSIVE;
				GCC_WARN_UNUSED_FUNCTION = YES;
				GCC_WARN_UNUSED_VARIABLE = YES;
				IPHONEOS_DEPLOYMENT_TARGET = 16.2;
				MTL_ENABLE_DEBUG_INFO = NO;
				MTL_FAST_MATH = YES;
				SDKROOT = iphoneos;
				SWIFT_COMPILATION_MODE = wholemodule;
				SWIFT_OPTIMIZATION_LEVEL = "-O";
				VALIDATE_PRODUCT = YES;
			};
			name = Release;
		};
		07AFA1D92A3215CA0091F024 /* Debug */ = {
			isa = XCBuildConfiguration;
			buildSettings = {
				ASSETCATALOG_COMPILER_APPICON_NAME = AppIcon;
				ASSETCATALOG_COMPILER_GLOBAL_ACCENT_COLOR_NAME = AccentColor;
				CODE_SIGN_IDENTITY = "Apple Development";
				CODE_SIGN_STYLE = Automatic;
				CURRENT_PROJECT_VERSION = 1;
				DEVELOPMENT_TEAM = DYKT5CBF5Z;
				GENERATE_INFOPLIST_FILE = YES;
				INFOPLIST_FILE = "Image Classification App using Core ML/Info.plist";
				INFOPLIST_KEY_UIApplicationSupportsIndirectInputEvents = YES;
				INFOPLIST_KEY_UILaunchStoryboardName = LaunchScreen;
				INFOPLIST_KEY_UIMainStoryboardFile = Main;
				INFOPLIST_KEY_UISupportedInterfaceOrientations_iPad = "UIInterfaceOrientationPortrait UIInterfaceOrientationPortraitUpsideDown UIInterfaceOrientationLandscapeLeft UIInterfaceOrientationLandscapeRight";
				INFOPLIST_KEY_UISupportedInterfaceOrientations_iPhone = "UIInterfaceOrientationPortrait UIInterfaceOrientationLandscapeLeft UIInterfaceOrientationLandscapeRight";
				LD_RUNPATH_SEARCH_PATHS = (
					"$(inherited)",
					"@executable_path/Frameworks",
				);
				MARKETING_VERSION = 1.0;
				PRODUCT_BUNDLE_IDENTIFIER = "com.xamarin.practicedev.Image-Classification-App-using-Core-ML";
				PRODUCT_NAME = "$(TARGET_NAME)";
				PROVISIONING_PROFILE_SPECIFIER = "";
				SWIFT_EMIT_LOC_STRINGS = YES;
				SWIFT_VERSION = 5.0;
				TARGETED_DEVICE_FAMILY = "1,2";
			};
			name = Debug;
		};
		07AFA1DA2A3215CA0091F024 /* Release */ = {
			isa = XCBuildConfiguration;
			buildSettings = {
				ASSETCATALOG_COMPILER_APPICON_NAME = AppIcon;
				ASSETCATALOG_COMPILER_GLOBAL_ACCENT_COLOR_NAME = AccentColor;
				CODE_SIGN_IDENTITY = "Apple Development";
				CODE_SIGN_STYLE = Automatic;
				CURRENT_PROJECT_VERSION = 1;
				DEVELOPMENT_TEAM = DYKT5CBF5Z;
				GENERATE_INFOPLIST_FILE = YES;
				INFOPLIST_FILE = "Image Classification App using Core ML/Info.plist";
				INFOPLIST_KEY_UIApplicationSupportsIndirectInputEvents = YES;
				INFOPLIST_KEY_UILaunchStoryboardName = LaunchScreen;
				INFOPLIST_KEY_UIMainStoryboardFile = Main;
				INFOPLIST_KEY_UISupportedInterfaceOrientations_iPad = "UIInterfaceOrientationPortrait UIInterfaceOrientationPortraitUpsideDown UIInterfaceOrientationLandscapeLeft UIInterfaceOrientationLandscapeRight";
				INFOPLIST_KEY_UISupportedInterfaceOrientations_iPhone = "UIInterfaceOrientationPortrait UIInterfaceOrientationLandscapeLeft UIInterfaceOrientationLandscapeRight";
				LD_RUNPATH_SEARCH_PATHS = (
					"$(inherited)",
					"@executable_path/Frameworks",
				);
				MARKETING_VERSION = 1.0;
				PRODUCT_BUNDLE_IDENTIFIER = "com.xamarin.practicedev.Image-Classification-App-using-Core-ML";
				PRODUCT_NAME = "$(TARGET_NAME)";
				PROVISIONING_PROFILE_SPECIFIER = "";
				SWIFT_EMIT_LOC_STRINGS = YES;
				SWIFT_VERSION = 5.0;
				TARGETED_DEVICE_FAMILY = "1,2";
			};
			name = Release;
		};
		07AFA1DC2A3215CA0091F024 /* Debug */ = {
			isa = XCBuildConfiguration;
			buildSettings = {
				ALWAYS_EMBED_SWIFT_STANDARD_LIBRARIES = YES;
				BUNDLE_LOADER = "$(TEST_HOST)";
				CODE_SIGN_STYLE = Automatic;
				CURRENT_PROJECT_VERSION = 1;
				GENERATE_INFOPLIST_FILE = YES;
				IPHONEOS_DEPLOYMENT_TARGET = 16.2;
				MARKETING_VERSION = 1.0;
				PRODUCT_BUNDLE_IDENTIFIER = "com.xamarin.practicedev.Image-Classification-App-using-Core-MLTests";
				PRODUCT_NAME = "$(TARGET_NAME)";
				SWIFT_EMIT_LOC_STRINGS = NO;
				SWIFT_VERSION = 5.0;
				TARGETED_DEVICE_FAMILY = "1,2";
				TEST_HOST = "$(BUILT_PRODUCTS_DIR)/Image Classification App using Core ML.app/$(BUNDLE_EXECUTABLE_FOLDER_PATH)/Image Classification App using Core ML";
			};
			name = Debug;
		};
		07AFA1DD2A3215CA0091F024 /* Release */ = {
			isa = XCBuildConfiguration;
			buildSettings = {
				ALWAYS_EMBED_SWIFT_STANDARD_LIBRARIES = YES;
				BUNDLE_LOADER = "$(TEST_HOST)";
				CODE_SIGN_STYLE = Automatic;
				CURRENT_PROJECT_VERSION = 1;
				GENERATE_INFOPLIST_FILE = YES;
				IPHONEOS_DEPLOYMENT_TARGET = 16.2;
				MARKETING_VERSION = 1.0;
				PRODUCT_BUNDLE_IDENTIFIER = "com.xamarin.practicedev.Image-Classification-App-using-Core-MLTests";
				PRODUCT_NAME = "$(TARGET_NAME)";
				SWIFT_EMIT_LOC_STRINGS = NO;
				SWIFT_VERSION = 5.0;
				TARGETED_DEVICE_FAMILY = "1,2";
				TEST_HOST = "$(BUILT_PRODUCTS_DIR)/Image Classification App using Core ML.app/$(BUNDLE_EXECUTABLE_FOLDER_PATH)/Image Classification App using Core ML";
			};
			name = Release;
		};
		07AFA1DF2A3215CA0091F024 /* Debug */ = {
			isa = XCBuildConfiguration;
			buildSettings = {
				ALWAYS_EMBED_SWIFT_STANDARD_LIBRARIES = YES;
				CODE_SIGN_STYLE = Automatic;
				CURRENT_PROJECT_VERSION = 1;
				GENERATE_INFOPLIST_FILE = YES;
				MARKETING_VERSION = 1.0;
				PRODUCT_BUNDLE_IDENTIFIER = "com.xamarin.practicedev.Image-Classification-App-using-Core-MLUITests";
				PRODUCT_NAME = "$(TARGET_NAME)";
				SWIFT_EMIT_LOC_STRINGS = NO;
				SWIFT_VERSION = 5.0;
				TARGETED_DEVICE_FAMILY = "1,2";
				TEST_TARGET_NAME = "Image Classification App using Core ML";
			};
			name = Debug;
		};
		07AFA1E02A3215CA0091F024 /* Release */ = {
			isa = XCBuildConfiguration;
			buildSettings = {
				ALWAYS_EMBED_SWIFT_STANDARD_LIBRARIES = YES;
				CODE_SIGN_STYLE = Automatic;
				CURRENT_PROJECT_VERSION = 1;
				GENERATE_INFOPLIST_FILE = YES;
				MARKETING_VERSION = 1.0;
				PRODUCT_BUNDLE_IDENTIFIER = "com.xamarin.practicedev.Image-Classification-App-using-Core-MLUITests";
				PRODUCT_NAME = "$(TARGET_NAME)";
				SWIFT_EMIT_LOC_STRINGS = NO;
				SWIFT_VERSION = 5.0;
				TARGETED_DEVICE_FAMILY = "1,2";
				TEST_TARGET_NAME = "Image Classification App using Core ML";
			};
			name = Release;
		};
/* End XCBuildConfiguration section */

/* Begin XCConfigurationList section */
		07AFA1A92A3215C60091F024 /* Build configuration list for PBXProject "Image Classification App using Core ML" */ = {
			isa = XCConfigurationList;
			buildConfigurations = (
				07AFA1D62A3215CA0091F024 /* Debug */,
				07AFA1D72A3215CA0091F024 /* Release */,
			);
			defaultConfigurationIsVisible = 0;
			defaultConfigurationName = Release;
		};
		07AFA1D82A3215CA0091F024 /* Build configuration list for PBXNativeTarget "Image Classification App using Core ML" */ = {
			isa = XCConfigurationList;
			buildConfigurations = (
				07AFA1D92A3215CA0091F024 /* Debug */,
				07AFA1DA2A3215CA0091F024 /* Release */,
			);
			defaultConfigurationIsVisible = 0;
			defaultConfigurationName = Release;
		};
		07AFA1DB2A3215CA0091F024 /* Build configuration list for PBXNativeTarget "Image Classification App using Core MLTests" */ = {
			isa = XCConfigurationList;
			buildConfigurations = (
				07AFA1DC2A3215CA0091F024 /* Debug */,
				07AFA1DD2A3215CA0091F024 /* Release */,
			);
			defaultConfigurationIsVisible = 0;
			defaultConfigurationName = Release;
		};
		07AFA1DE2A3215CA0091F024 /* Build configuration list for PBXNativeTarget "Image Classification App using Core MLUITests" */ = {
			isa = XCConfigurationList;
			buildConfigurations = (
				07AFA1DF2A3215CA0091F024 /* Debug */,
				07AFA1E02A3215CA0091F024 /* Release */,
			);
			defaultConfigurationIsVisible = 0;
			defaultConfigurationName = Release;
		};
/* End XCConfigurationList section */
	};
	rootObject = 07AFA1A62A3215C60091F024 /* Project object */;
}
